
Microsoft Visual Studio Solution File, Format Version 12.00
# Visual Studio 15
VisualStudioVersion = 15.0.28307.572
MinimumVisualStudioVersion = 10.0.40219.1
Project("{FAE04EC0-301F-11D3-BF4B-00C04F79EFBC}") = "gigHub", "gigHub\gigHub.csproj", "{299A89C4-5C19-4308-BDA9-038B9901D24B}"
EndProject
Global
	GlobalSection(SolutionConfigurationPlatforms) = preSolution
		Debug|Any CPU = Debug|Any CPU
		Release|Any CPU = Release|Any CPU
	EndGlobalSection
	GlobalSection(ProjectConfigurationPlatforms) = postSolution
		{299A89C4-5C19-4308-BDA9-038B9901D24B}.Debug|Any CPU.ActiveCfg = Debug|Any CPU
		{299A89C4-5C19-4308-BDA9-038B9901D24B}.Debug|Any CPU.Build.0 = Debug|Any CPU
		{299A89C4-5C19-4308-BDA9-038B9901D24B}.Release|Any CPU.ActiveCfg = Release|Any CPU
		{299A89C4-5C19-4308-BDA9-038B9901D24B}.Release|Any CPU.Build.0 = Release|Any CPU
	EndGlobalSection
	GlobalSection(SolutionProperties) = preSolution
		HideSolutionNode = FALSE
	EndGlobalSection
	GlobalSection(ExtensibilityGlobals) = postSolution
		SolutionGuid = {E8824E21-DB5A-4D0E-8769-0CDED6D01B65}
	EndGlobalSection
EndGlobal
